
Microsoft Visual Studio Solution File, Format Version 12.00
# Visual Studio Version 16
VisualStudioVersion = 16.0.31624.102
MinimumVisualStudioVersion = 10.0.40219.1
Project("{FAE04EC0-301F-11D3-BF4B-00C04F79EFBC}") = "Sistema de Cadastro 1", "Sistema de Cadastro 1\Sistema de Cadastro 1.csproj", "{7D75A208-C4F7-4DBD-BA5F-98779AD50A9C}"
EndProject
Global
	GlobalSection(SolutionConfigurationPlatforms) = preSolution
		Debug|Any CPU = Debug|Any CPU
		Release|Any CPU = Release|Any CPU
	EndGlobalSection
	GlobalSection(ProjectConfigurationPlatforms) = postSolution
		{7D75A208-C4F7-4DBD-BA5F-98779AD50A9C}.Debug|Any CPU.ActiveCfg = Debug|Any CPU
		{7D75A208-C4F7-4DBD-BA5F-98779AD50A9C}.Debug|Any CPU.Build.0 = Debug|Any CPU
		{7D75A208-C4F7-4DBD-BA5F-98779AD50A9C}.Release|Any CPU.ActiveCfg = Release|Any CPU
		{7D75A208-C4F7-4DBD-BA5F-98779AD50A9C}.Release|Any CPU.Build.0 = Release|Any CPU
	EndGlobalSection
	GlobalSection(SolutionProperties) = preSolution
		HideSolutionNode = FALSE
	EndGlobalSection
	GlobalSection(ExtensibilityGlobals) = postSolution
		SolutionGuid = {40EB356F-6E19-4E31-BDDA-2D65434DEBAD}
	EndGlobalSection
EndGlobal
